
Microsoft Visual Studio Solution File, Format Version 12.00
# Visual Studio Version 16
VisualStudioVersion = 16.0.32002.261
MinimumVisualStudioVersion = 10.0.40219.1
Project("{FAE04EC0-301F-11D3-BF4B-00C04F79EFBC}") = "SgxICIDropCopy", "SgxICIDropCopyAPI\SgxICIDropCopy.csproj", "{EA86654B-519E-4F3E-A8E0-868271AB99A5}"
EndProject
Project("{FAE04EC0-301F-11D3-BF4B-00C04F79EFBC}") = "SgxIciDropCopyAdapter", "SgxIciDropCopyAdapter\SgxIciDropCopyAdapter.csproj", "{1958448A-EA90-4F00-8694-AA76B8CE8793}"
EndProject
Global
	GlobalSection(SolutionConfigurationPlatforms) = preSolution
		Debug|Any CPU = Debug|Any CPU
		Release|Any CPU = Release|Any CPU
	EndGlobalSection
	GlobalSection(ProjectConfigurationPlatforms) = postSolution
		{EA86654B-519E-4F3E-A8E0-868271AB99A5}.Debug|Any CPU.ActiveCfg = Debug|Any CPU
		{EA86654B-519E-4F3E-A8E0-868271AB99A5}.Debug|Any CPU.Build.0 = Debug|Any CPU
		{EA86654B-519E-4F3E-A8E0-868271AB99A5}.Release|Any CPU.ActiveCfg = Release|Any CPU
		{EA86654B-519E-4F3E-A8E0-868271AB99A5}.Release|Any CPU.Build.0 = Release|Any CPU
		{1958448A-EA90-4F00-8694-AA76B8CE8793}.Debug|Any CPU.ActiveCfg = Debug|Any CPU
		{1958448A-EA90-4F00-8694-AA76B8CE8793}.Debug|Any CPU.Build.0 = Debug|Any CPU
		{1958448A-EA90-4F00-8694-AA76B8CE8793}.Release|Any CPU.ActiveCfg = Release|Any CPU
		{1958448A-EA90-4F00-8694-AA76B8CE8793}.Release|Any CPU.Build.0 = Release|Any CPU
	EndGlobalSection
	GlobalSection(SolutionProperties) = preSolution
		HideSolutionNode = FALSE
	EndGlobalSection
	GlobalSection(ExtensibilityGlobals) = postSolution
		SolutionGuid = {CC05BF50-0B01-497D-85D5-5D21125A03C2}
	EndGlobalSection
EndGlobal
